<?xml version="1.0" encoding="utf-8"?>
<Project ToolsVersion="4.0" xmlns="http://schemas.microsoft.com/developer/msbuild/2003">
  <ItemGroup>
    <Filter Include="Source Files">
      <UniqueIdentifier>{4FC737F1-C7A5-4376-A066-2A32D752A2FF}</UniqueIdentifier>
      <Extensions>cpp;c;cc;cxx;def;odl;idl;hpj;bat;asm;asmx</Extensions>
    </Filter>
    <Filter Include="Header Files">
      <UniqueIdentifier>{93995380-89BD-4b04-88EB-625FBE52EBFB}</UniqueIdentifier>
      <Extensions>h;hh;hpp;hxx;hm;inl;inc;xsd</Extensions>
    </Filter>
    <Filter Include="Header Files\Graphics">
      <UniqueIdentifier>{947f425e-4ab4-481e-9e5b-5ecc878d76f2}</UniqueIdentifier>
    </Filter>
    <Filter Include="Header Files\Utils">
      <UniqueIdentifier>{b47c0310-b0d9-45c7-ada5-c3db338b8d68}</UniqueIdentifier>
    </Filter>
    <Filter Include="Source Files\Graphics">
      <UniqueIdentifier>{5cc2a17f-1401-419f-9ab2-7098a1e68a2f}</UniqueIdentifier>
    </Filter>
    <Filter Include="Source Files\Utils">
      <UniqueIdentifier>{f06a2b70-d744-4ea7-87ca-d36a5db7d9c3}</UniqueIdentifier>
    </Filter>
    <Filter Include="Source Files\Maths">
      <UniqueIdentifier>{69366181-6c4e-4d8f-87ba-9fc19adc7c52}</UniqueIdentifier>
    </Filter>
    <Filter Include="Source Files\Maths\Matrix">
      <UniqueIdentifier>{bfd19a3a-6498-4c0e-a665-e9dcc526d1e2}</UniqueIdentifier>
    </Filter>
    <Filter Include="Source Files\Maths\Vector">
      <UniqueIdentifier>{4aede70d-05e3-418b-abaf-7bba28f4605e}</UniqueIdentifier>
    </Filter>
    <Filter Include="Header Files\Maths">
      <UniqueIdentifier>{43751ae1-0dc2-4fde-b885-0e55f093068d}</UniqueIdentifier>
    </Filter>
    <Filter Include="Header Files\Maths\Matrix">
      <UniqueIdentifier>{59999499-5c6c-4f9b-93d4-a8530a06c8b1}</UniqueIdentifier>
    </Filter>
    <Filter Include="Header Files\Maths\Vector">
      <UniqueIdentifier>{b2914343-3e4c-4aeb-8161-d9eeec096f00}</UniqueIdentifier>
    </Filter>
  </ItemGroup>
  <ItemGroup>
    <ClCompile Include="src\main.cpp">
      <Filter>Source Files</Filter>
    </ClCompile>
    <ClCompile Include="src\graphics\imgui_impl.cpp">
      <Filter>Source Files\Graphics</Filter>
    </ClCompile>
    <ClCompile Include="src\graphics\window.cpp">
      <Filter>Source Files\Graphics</Filter>
    </ClCompile>
    <ClCompile Include="src\utils\logger.cpp">
      <Filter>Source Files\Utils</Filter>
    </ClCompile>
    <ClCompile Include="src\maths\matrix\mat2.cpp">
      <Filter>Source Files\Maths\Matrix</Filter>
    </ClCompile>
    <ClCompile Include="src\maths\matrix\mat3.cpp">
      <Filter>Source Files\Maths\Matrix</Filter>
    </ClCompile>
    <ClCompile Include="src\maths\matrix\mat4.cpp">
      <Filter>Source Files\Maths\Matrix</Filter>
    </ClCompile>
    <ClCompile Include="src\maths\vector\vec2.cpp">
      <Filter>Source Files\Maths\Vector</Filter>
    </ClCompile>
    <ClCompile Include="src\maths\vector\vec3.cpp">
      <Filter>Source Files\Maths\Vector</Filter>
    </ClCompile>
    <ClCompile Include="src\maths\vector\vec4.cpp">
      <Filter>Source Files\Maths\Vector</Filter>
    </ClCompile>
    <ClCompile Include="src\maths\maths.cpp">
      <Filter>Source Files\Maths</Filter>
    </ClCompile>
    <ClCompile Include="src\engine_core.cpp">
      <Filter>Source Files</Filter>
    </ClCompile>
    <ClCompile Include="src\game.cpp">
      <Filter>Source Files</Filter>
    </ClCompile>
    <ClCompile Include="src\graphics\camera.cpp">
      <Filter>Source Files\Graphics</Filter>
    </ClCompile>
    <ClCompile Include="src\graphics\renderer_3d.cpp">
      <Filter>Source Files\Graphics</Filter>
    </ClCompile>
    <ClCompile Include="src\graphics\scene_3d.cpp">
      <Filter>Source Files</Filter>
    </ClCompile>
    <ClCompile Include="src\graphics\mesh.cpp">
      <Filter>Source Files</Filter>
    </ClCompile>
    <ClCompile Include="src\asset.cpp">
      <Filter>Source Files</Filter>
    </ClCompile>
    <ClCompile Include="src\utils\asset_manager.cpp">
      <Filter>Source Files</Filter>
    </ClCompile>
    <ClCompile Include="src\utils\jsoncpp.cpp">
      <Filter>Source Files</Filter>
    </ClCompile>
    <ClCompile Include="src\scene_object.cpp">
      <Filter>Source Files</Filter>
    </ClCompile>
    <ClCompile Include="src\utils\serializer_json.cpp">
      <Filter>Source Files</Filter>
    </ClCompile>
    <ClCompile Include="src\transform_component.cpp">
      <Filter>Source Files</Filter>
    </ClCompile>
    <ClCompile Include="src\graphics\shader.cpp">
      <Filter>Source Files</Filter>
    </ClCompile>
    <ClCompile Include="src\graphics\shader_program.cpp">
      <Filter>Source Files</Filter>
    </ClCompile>
    <ClCompile Include="src\mesh_component.cpp">
      <Filter>Source Files</Filter>
    </ClCompile>
  </ItemGroup>
  <ItemGroup>
    <ClInclude Include="include\graphics\window.h">
      <Filter>Header Files\Graphics</Filter>
    </ClInclude>
    <ClInclude Include="include\graphics\imgui_impl.h">
      <Filter>Header Files\Graphics</Filter>
    </ClInclude>
    <ClInclude Include="include\utils\logger.h">
      <Filter>Header Files\Utils</Filter>
    </ClInclude>
    <ClInclude Include="include\maths\matrix\mat2.h">
      <Filter>Header Files\Maths\Matrix</Filter>
    </ClInclude>
    <ClInclude Include="include\maths\matrix\mat3.h">
      <Filter>Header Files\Maths\Matrix</Filter>
    </ClInclude>
    <ClInclude Include="include\maths\matrix\mat4.h">
      <Filter>Header Files\Maths\Matrix</Filter>
    </ClInclude>
    <ClInclude Include="include\maths\maths.h">
      <Filter>Header Files\Maths</Filter>
    </ClInclude>
    <ClInclude Include="include\maths\vector\vec2.h">
      <Filter>Header Files\Maths\Vector</Filter>
    </ClInclude>
    <ClInclude Include="include\maths\vector\vec3.h">
      <Filter>Header Files\Maths\Vector</Filter>
    </ClInclude>
    <ClInclude Include="include\maths\vector\vec4.h">
      <Filter>Header Files\Maths\Vector</Filter>
    </ClInclude>
    <ClInclude Include="include\engine_core.h">
      <Filter>Header Files</Filter>
    </ClInclude>
    <ClInclude Include="include\game.h">
      <Filter>Header Files</Filter>
    </ClInclude>
    <ClInclude Include="include\i_engine_core.h">
      <Filter>Header Files</Filter>
    </ClInclude>
    <ClInclude Include="include\graphics\camera.h">
      <Filter>Header Files\Graphics</Filter>
    </ClInclude>
    <ClInclude Include="include\graphics\renderer_3d.h">
      <Filter>Header Files\Graphics</Filter>
    </ClInclude>
    <ClInclude Include="include\graphics\scene_3d.h">
      <Filter>Header Files\Graphics</Filter>
    </ClInclude>
    <ClInclude Include="include\scene_object.h">
      <Filter>Header Files</Filter>
    </ClInclude>
    <ClInclude Include="include\graphics\mesh.h">
      <Filter>Header Files</Filter>
    </ClInclude>
    <ClInclude Include="include\asset.h">
      <Filter>Header Files</Filter>
    </ClInclude>
    <ClInclude Include="include\utils\asset_manager.h">
      <Filter>Header Files</Filter>
    </ClInclude>
    <ClInclude Include="include\utils\i_serializer.h">
      <Filter>Header Files</Filter>
    </ClInclude>
    <ClInclude Include="include\utils\serializer_json.h">
      <Filter>Header Files</Filter>
    </ClInclude>
    <ClInclude Include="include\component.h">
      <Filter>Header Files</Filter>
    </ClInclude>
    <ClInclude Include="include\transform_component.h">
      <Filter>Header Files</Filter>
    </ClInclude>
    <ClInclude Include="include\graphics\shader.h">
      <Filter>Header Files</Filter>
    </ClInclude>
    <ClInclude Include="include\graphics\shader_program.h">
      <Filter>Header Files</Filter>
    </ClInclude>
    <ClInclude Include="include\mesh_component.h">
      <Filter>Header Files</Filter>
    </ClInclude>
  </ItemGroup>
  <ItemGroup>
    <None Include="res\shaders\standard.shader" />
    <None Include="res\shaders\debug.shader" />
  </ItemGroup>
</Project>